{
  "name": ".opencode",
  "lockfileVersion": 3,
  "requires": true,
  "packages": {
    "": {
      "dependencies": {
        "@opencode-ai/plugin": "1.1.55"
      }
    },
    "node_modules/@opencode-ai/plugin": {
      "version": "1.1.55",
      "resolved": "https://registry.npmjs.org/@opencode-ai/plugin/-/plugin-1.1.55.tgz",
      "integrity": "sha512-BOp+4DONB+9X5n9wO3jkgkqJvKJCwfSeA4I4W8ICewx3UfEoVCpsojogojhb+fHWqfItuk3fOzZBJt37nLBkoQ==",
      "license": "MIT",
      "dependencies": {
        "@opencode-ai/sdk": "1.1.55",
        "zod": "4.1.8"
      }
    },
    "node_modules/@opencode-ai/sdk": {
      "version": "1.1.55",
      "resolved": "https://registry.npmjs.org/@opencode-ai/sdk/-/sdk-1.1.55.tgz",
      "integrity": "sha512-erP+vjM26sJeezms+EZl8sdk6aIV2WTzC4dVJCBPjio1p1bcq5srhkRNEdu/uQbm9LkNSHy9L1xiO+vc8uYzFA==",
      "license": "MIT"
    },
    "node_modules/zod": {
      "version": "4.1.8",
      "license": "MIT",
      "funding": {
        "url": "https://github.com/sponsors/colinhacks"
      }
    }
  }
}
